
Microsoft Visual Studio Solution File, Format Version 12.00
# Visual Studio Version 16
VisualStudioVersion = 16.0.31205.134
MinimumVisualStudioVersion = 10.0.40219.1
Project("{FAE04EC0-301F-11D3-BF4B-00C04F79EFBC}") = "Builder-pattern", "Builder-pattern\Builder-pattern.csproj", "{6E6E6AF3-4EBA-45A6-8475-55F003F6A71D}"
EndProject
Global
	GlobalSection(SolutionConfigurationPlatforms) = preSolution
		Debug|Any CPU = Debug|Any CPU
		Release|Any CPU = Release|Any CPU
	EndGlobalSection
	GlobalSection(ProjectConfigurationPlatforms) = postSolution
		{6E6E6AF3-4EBA-45A6-8475-55F003F6A71D}.Debug|Any CPU.ActiveCfg = Debug|Any CPU
		{6E6E6AF3-4EBA-45A6-8475-55F003F6A71D}.Debug|Any CPU.Build.0 = Debug|Any CPU
		{6E6E6AF3-4EBA-45A6-8475-55F003F6A71D}.Release|Any CPU.ActiveCfg = Release|Any CPU
		{6E6E6AF3-4EBA-45A6-8475-55F003F6A71D}.Release|Any CPU.Build.0 = Release|Any CPU
	EndGlobalSection
	GlobalSection(SolutionProperties) = preSolution
		HideSolutionNode = FALSE
	EndGlobalSection
	GlobalSection(ExtensibilityGlobals) = postSolution
		SolutionGuid = {D28D1C5D-EB07-4F12-9184-E309B2E09388}
	EndGlobalSection
EndGlobal
